
Microsoft Visual Studio Solution File, Format Version 12.00
# Visual Studio Version 17
VisualStudioVersion = 17.6.33829.357
MinimumVisualStudioVersion = 10.0.40219.1
Project("{FAE04EC0-301F-11D3-BF4B-00C04F79EFBC}") = "Backend", "Backend.csproj", "{D23DCFDC-E3E7-4715-A42E-326E178DC9BE}"
EndProject
Global
	GlobalSection(SolutionConfigurationPlatforms) = preSolution
		Debug|Any CPU = Debug|Any CPU
		Release|Any CPU = Release|Any CPU
	EndGlobalSection
	GlobalSection(ProjectConfigurationPlatforms) = postSolution
		{D23DCFDC-E3E7-4715-A42E-326E178DC9BE}.Debug|Any CPU.ActiveCfg = Debug|Any CPU
		{D23DCFDC-E3E7-4715-A42E-326E178DC9BE}.Debug|Any CPU.Build.0 = Debug|Any CPU
		{D23DCFDC-E3E7-4715-A42E-326E178DC9BE}.Release|Any CPU.ActiveCfg = Release|Any CPU
		{D23DCFDC-E3E7-4715-A42E-326E178DC9BE}.Release|Any CPU.Build.0 = Release|Any CPU
	EndGlobalSection
	GlobalSection(SolutionProperties) = preSolution
		HideSolutionNode = FALSE
	EndGlobalSection
	GlobalSection(ExtensibilityGlobals) = postSolution
		SolutionGuid = {92D483F6-E631-4FE6-8EC1-926D22AF443F}
	EndGlobalSection
EndGlobal
